{
  "requires": true,
  "lockfileVersion": 1,
  "dependencies": {
    "@babel/runtime": {
      "version": "7.11.2",
      "resolved": "https://registry.npmjs.org/@babel/runtime/-/runtime-7.11.2.tgz",
      "integrity": "sha512-TeWkU52so0mPtDcaCTxNBI/IHiz0pZgr8VEFqXFtZWpYD08ZB6FaSwVAS8MKRQAP3bYKiVjwysOJgMFY28o6Tw==",
      "requires": {
        "regenerator-runtime": "^0.13.4"
      }
    },
    "@react95/core": {
      "version": "2.10.4",
      "resolved": "https://registry.npmjs.org/@react95/core/-/core-2.10.4.tgz",
      "integrity": "sha512-53rUlIADgH+RRW1xCB1LTNUxwVqd973W1qqz6cu19NjHbjHmPDaSk8qxzAJZB3KnlS8VIujUVYVEzJrYbmoASA==",
      "requires": {
        "@react95/icons": "^0.3.0",
        "@styled-system/prop-types": "^5.1.5",
        "@testing-library/react-hooks": "^3.2.1",
        "@xstyled/styled-components": "^1.17.1",
        "icojs": "^0.14.0",
        "prop-types": "^15.7.2",
        "react-draggable": "^4.3.1",
        "react-virtualized": "^9.21.2",
        "styled-system": "^5.1.5"
      }
    },
    "@react95/icons": {
      "version": "0.3.0",
      "resolved": "https://registry.npmjs.org/@react95/icons/-/icons-0.3.0.tgz",
      "integrity": "sha512-e+yGpDo/O0xj2cf9iCl2E+tKrdNfcnmpheF90hwaSrPXMaG7BUHgJUZwWNYBkRyGc/nRRVRIR8vdg+j8KXSP3w=="
    },
    "@styled-system/background": {
      "version": "5.1.2",
      "resolved": "https://registry.npmjs.org/@styled-system/background/-/background-5.1.2.tgz",
      "integrity": "sha512-jtwH2C/U6ssuGSvwTN3ri/IyjdHb8W9X/g8Y0JLcrH02G+BW3OS8kZdHphF1/YyRklnrKrBT2ngwGUK6aqqV3A==",
      "requires": {
        "@styled-system/core": "^5.1.2"
      }
    },
    "@styled-system/border": {
      "version": "5.1.5",
      "resolved": "https://registry.npmjs.org/@styled-system/border/-/border-5.1.5.tgz",
      "integrity": "sha512-JvddhNrnhGigtzWRCVuAHepniyVi6hBlimxWDVAdcTuk7aRn9BYJUwfHslURtwYFsF5FoEs8Zmr1oZq2M1AP0A==",
      "requires": {
        "@styled-system/core": "^5.1.2"
      }
    },
    "@styled-system/color": {
      "version": "5.1.2",
      "resolved": "https://registry.npmjs.org/@styled-system/color/-/color-5.1.2.tgz",
      "integrity": "sha512-1kCkeKDZkt4GYkuFNKc7vJQMcOmTl3bJY3YBUs7fCNM6mMYJeT1pViQ2LwBSBJytj3AB0o4IdLBoepgSgGl5MA==",
      "requires": {
        "@styled-system/core": "^5.1.2"
      }
    },
    "@styled-system/core": {
      "version": "5.1.2",
      "resolved": "https://registry.npmjs.org/@styled-system/core/-/core-5.1.2.tgz",
      "integrity": "sha512-XclBDdNIy7OPOsN4HBsawG2eiWfCcuFt6gxKn1x4QfMIgeO6TOlA2pZZ5GWZtIhCUqEPTgIBta6JXsGyCkLBYw==",
      "requires": {
        "object-assign": "^4.1.1"
      }
    },
    "@styled-system/css": {
      "version": "5.1.5",
      "resolved": "https://registry.npmjs.org/@styled-system/css/-/css-5.1.5.tgz",
      "integrity": "sha512-XkORZdS5kypzcBotAMPBoeckDs9aSZVkvrAlq5K3xP8IMAUek+x2O4NtwoSgkYkWWzVBu6DGdFZLR790QWGG+A=="
    },
    "@styled-system/flexbox": {
      "version": "5.1.2",
      "resolved": "https://registry.npmjs.org/@styled-system/flexbox/-/flexbox-5.1.2.tgz",
      "integrity": "sha512-6hHV52+eUk654Y1J2v77B8iLeBNtc+SA3R4necsu2VVinSD7+XY5PCCEzBFaWs42dtOEDIa2lMrgL0YBC01mDQ==",
      "requires": {
        "@styled-system/core": "^5.1.2"
      }
    },
    "@styled-system/grid": {
      "version": "5.1.2",
      "resolved": "https://registry.npmjs.org/@styled-system/grid/-/grid-5.1.2.tgz",
      "integrity": "sha512-K3YiV1KyHHzgdNuNlaw8oW2ktMuGga99o1e/NAfTEi5Zsa7JXxzwEnVSDSBdJC+z6R8WYTCYRQC6bkVFcvdTeg==",
      "requires": {
        "@styled-system/core": "^5.1.2"
      }
    },
    "@styled-system/layout": {
      "version": "5.1.2",
      "resolved": "https://registry.npmjs.org/@styled-system/layout/-/layout-5.1.2.tgz",
      "integrity": "sha512-wUhkMBqSeacPFhoE9S6UF3fsMEKFv91gF4AdDWp0Aym1yeMPpqz9l9qS/6vjSsDPF7zOb5cOKC3tcKKOMuDCPw==",
      "requires": {
        "@styled-system/core": "^5.1.2"
      }
    },
    "@styled-system/position": {
      "version": "5.1.2",
      "resolved": "https://registry.npmjs.org/@styled-system/position/-/position-5.1.2.tgz",
      "integrity": "sha512-60IZfMXEOOZe3l1mCu6sj/2NAyUmES2kR9Kzp7s2D3P4qKsZWxD1Se1+wJvevb+1TP+ZMkGPEYYXRyU8M1aF5A==",
      "requires": {
        "@styled-system/core": "^5.1.2"
      }
    },
    "@styled-system/prop-types": {
      "version": "5.1.5",
      "resolved": "https://registry.npmjs.org/@styled-system/prop-types/-/prop-types-5.1.5.tgz",
      "integrity": "sha512-D/0d0ltp8QGhwrRifivQeIdoKkQDpFIGi98DXdpRXOaJStYXLx6aBSfS/YYIijbF1nZs1hWlAgXxYvDhCxHLSA==",
      "requires": {
        "prop-types": "^15.7.2"
      }
    },
    "@styled-system/shadow": {
      "version": "5.1.2",
      "resolved": "https://registry.npmjs.org/@styled-system/shadow/-/shadow-5.1.2.tgz",
      "integrity": "sha512-wqniqYb7XuZM7K7C0d1Euxc4eGtqEe/lvM0WjuAFsQVImiq6KGT7s7is+0bNI8O4Dwg27jyu4Lfqo/oIQXNzAg==",
      "requires": {
        "@styled-system/core": "^5.1.2"
      }
    },
    "@styled-system/space": {
      "version": "5.1.2",
      "resolved": "https://registry.npmjs.org/@styled-system/space/-/space-5.1.2.tgz",
      "integrity": "sha512-+zzYpR8uvfhcAbaPXhH8QgDAV//flxqxSjHiS9cDFQQUSznXMQmxJegbhcdEF7/eNnJgHeIXv1jmny78kipgBA==",
      "requires": {
        "@styled-system/core": "^5.1.2"
      }
    },
    "@styled-system/typography": {
      "version": "5.1.2",
      "resolved": "https://registry.npmjs.org/@styled-system/typography/-/typography-5.1.2.tgz",
      "integrity": "sha512-BxbVUnN8N7hJ4aaPOd7wEsudeT7CxarR+2hns8XCX1zp0DFfbWw4xYa/olA0oQaqx7F1hzDg+eRaGzAJbF+jOg==",
      "requires": {
        "@styled-system/core": "^5.1.2"
      }
    },
    "@styled-system/variant": {
      "version": "5.1.5",
      "resolved": "https://registry.npmjs.org/@styled-system/variant/-/variant-5.1.5.tgz",
      "integrity": "sha512-Yn8hXAFoWIro8+Q5J8YJd/mP85Teiut3fsGVR9CAxwgNfIAiqlYxsk5iHU7VHJks/0KjL4ATSjmbtCDC/4l1qw==",
      "requires": {
        "@styled-system/core": "^5.1.2",
        "@styled-system/css": "^5.1.5"
      }
    },
    "@testing-library/react-hooks": {
      "version": "3.4.1",
      "resolved": "https://registry.npmjs.org/@testing-library/react-hooks/-/react-hooks-3.4.1.tgz",
      "integrity": "sha512-LbzvE7oKsVzuW1cxA/aOeNgeVvmHWG2p/WSzalIGyWuqZT3jVcNDT5KPEwy36sUYWde0Qsh32xqIUFXukeywXg==",
      "requires": {
        "@babel/runtime": "^7.5.4",
        "@types/testing-library__react-hooks": "^3.3.0"
      }
    },
    "@types/prop-types": {
      "version": "15.7.3",
      "resolved": "https://registry.npmjs.org/@types/prop-types/-/prop-types-15.7.3.tgz",
      "integrity": "sha512-KfRL3PuHmqQLOG+2tGpRO26Ctg+Cq1E01D2DMriKEATHgWLfeNDmq9e29Q9WIky0dQ3NPkd1mzYH8Lm936Z9qw=="
    },
    "@types/react": {
      "version": "16.9.44",
      "resolved": "https://registry.npmjs.org/@types/react/-/react-16.9.44.tgz",
      "integrity": "sha512-BtLoJrXdW8DVZauKP+bY4Kmiq7ubcJq+H/aCpRfvPF7RAT3RwR73Sg8szdc2YasbAlWBDrQ6Q+AFM0KwtQY+WQ==",
      "requires": {
        "@types/prop-types": "*",
        "csstype": "^3.0.2"
      }
    },
    "@types/react-test-renderer": {
      "version": "16.9.3",
      "resolved": "https://registry.npmjs.org/@types/react-test-renderer/-/react-test-renderer-16.9.3.tgz",
      "integrity": "sha512-wJ7IlN5NI82XMLOyHSa+cNN4Z0I+8/YaLl04uDgcZ+W+ExWCmCiVTLT/7fRNqzy4OhStZcUwIqLNF7q+AdW43Q==",
      "requires": {
        "@types/react": "*"
      }
    },
    "@types/testing-library__react-hooks": {
      "version": "3.4.0",
      "resolved": "https://registry.npmjs.org/@types/testing-library__react-hooks/-/testing-library__react-hooks-3.4.0.tgz",
      "integrity": "sha512-QYLZipqt1hpwYsBU63Ssa557v5wWbncqL36No59LI7W3nCMYKrLWTnYGn2griZ6v/3n5nKXNYkTeYpqPHY7Ukg==",
      "requires": {
        "@types/react-test-renderer": "*"
      }
    },
    "@xstyled/core": {
      "version": "1.18.0",
      "resolved": "https://registry.npmjs.org/@xstyled/core/-/core-1.18.0.tgz",
      "integrity": "sha512-QeKi2+/EB2Vx5nP4CCg7RMpS0I33y5BGFRM7Rw3fIwIeJ/Y/XCQjjjy8QmFXJ2gMQ7KIakh3y9gPIjCIb+kZ9Q==",
      "requires": {
        "@babel/runtime": "^7.10.5",
        "@xstyled/system": "^1.17.2"
      }
    },
    "@xstyled/styled-components": {
      "version": "1.18.0",
      "resolved": "https://registry.npmjs.org/@xstyled/styled-components/-/styled-components-1.18.0.tgz",
      "integrity": "sha512-iSwY4wqc9qwUtx2uDd2mM/vEWiKY3FA7SJn/TQy7+eJdIhVF5KXSe2RCfpA+xwlKL3ySRT0A9KcREC/UgNt52Q==",
      "requires": {
        "@babel/runtime": "^7.10.5",
        "@xstyled/core": "^1.18.0",
        "@xstyled/system": "^1.17.2",
        "@xstyled/util": "^1.17.2"
      }
    },
    "@xstyled/system": {
      "version": "1.17.2",
      "resolved": "https://registry.npmjs.org/@xstyled/system/-/system-1.17.2.tgz",
      "integrity": "sha512-XzNpCfOnsPzP23sS5HzhYBkS0hyM0zFKUEeprtuXjeF2OJWX8ZzsHMTE2z7KEy/OW7OWw3tkoPJmmiiBQ+6/CQ==",
      "requires": {
        "@babel/runtime": "^7.10.5",
        "@xstyled/util": "^1.17.2"
      }
    },
    "@xstyled/util": {
      "version": "1.17.2",
      "resolved": "https://registry.npmjs.org/@xstyled/util/-/util-1.17.2.tgz",
      "integrity": "sha512-+JaSZK1k2rOEM2YMwUOum77CPghhTyrlxuTuxyiJbdIxYSTtzBRVmPAul30V6pFRYgK8NMdfm7f+yT28rTr8pg==",
      "requires": {
        "@babel/runtime": "^7.10.5"
      }
    },
    "babel-runtime": {
      "version": "6.26.0",
      "resolved": "https://registry.npmjs.org/babel-runtime/-/babel-runtime-6.26.0.tgz",
      "integrity": "sha1-llxwWGaOgrVde/4E/yM3vItWR/4=",
      "requires": {
        "core-js": "^2.4.0",
        "regenerator-runtime": "^0.11.0"
      },
      "dependencies": {
        "regenerator-runtime": {
          "version": "0.11.1",
          "resolved": "https://registry.npmjs.org/regenerator-runtime/-/regenerator-runtime-0.11.1.tgz",
          "integrity": "sha512-MguG95oij0fC3QV3URf4V2SDYGJhJnJGqvIIgdECeODCT98wSWDAJ94SSuVpYQUoTcGUIL6L4yNB7j1DFFHSBg=="
        }
      }
    },
    "bmp-js": {
      "version": "0.1.0",
      "resolved": "https://registry.npmjs.org/bmp-js/-/bmp-js-0.1.0.tgz",
      "integrity": "sha1-4Fpj95amwf8l9Hcex62twUjAcjM="
    },
    "classnames": {
      "version": "2.2.6",
      "resolved": "https://registry.npmjs.org/classnames/-/classnames-2.2.6.tgz",
      "integrity": "sha512-JR/iSQOSt+LQIWwrwEzJ9uk0xfN3mTVYMwt1Ir5mUcSN6pU+V4zQFFaJsclJbPuAUQH+yfWef6tm7l1quW3C8Q=="
    },
    "clsx": {
      "version": "1.1.1",
      "resolved": "https://registry.npmjs.org/clsx/-/clsx-1.1.1.tgz",
      "integrity": "sha512-6/bPho624p3S2pMyvP5kKBPXnI3ufHLObBFCfgx+LkeR5lg2XYy2hqZqUf45ypD8COn2bhgGJSUE+l5dhNBieA=="
    },
    "core-js": {
      "version": "2.6.11",
      "resolved": "https://registry.npmjs.org/core-js/-/core-js-2.6.11.tgz",
      "integrity": "sha512-5wjnpaT/3dV+XB4borEsnAYQchn00XSgTAWKDkEqv+K8KevjbzmofK6hfJ9TZIlpj2N0xQpazy7PiRQiWHqzWg=="
    },
    "csstype": {
      "version": "3.0.2",
      "resolved": "https://registry.npmjs.org/csstype/-/csstype-3.0.2.tgz",
      "integrity": "sha512-ofovWglpqoqbfLNOTBNZLSbMuGrblAf1efvvArGKOZMBrIoJeu5UsAipQolkijtyQx5MtAzT/J9IHj/CEY1mJw=="
    },
    "decode-bmp": {
      "version": "0.1.0",
      "resolved": "https://registry.npmjs.org/decode-bmp/-/decode-bmp-0.1.0.tgz",
      "integrity": "sha512-i7ImaOawHIwQNIt3IpO8X04ZRGI4A7gqX3vPw5aMIqMwsAk5xs/pnWLKmXc97nII5rSGJB9QyauO5FwctFiYoQ==",
      "requires": {
        "to-data-view": "^1.0.0"
      }
    },
    "decode-ico": {
      "version": "0.3.1",
      "resolved": "https://registry.npmjs.org/decode-ico/-/decode-ico-0.3.1.tgz",
      "integrity": "sha512-Ejv981YSYeAVyebE+g/Z/3hhE9wLE0uOBmiglqnhRfVMbLu1mf0CCesOoFWjdDqDYBOWIYLHJ6+uQxjlID3FEg==",
      "requires": {
        "decode-bmp": "^0.1.0",
        "to-data-view": "^1.0.0"
      }
    },
    "dom-helpers": {
      "version": "5.2.0",
      "resolved": "https://registry.npmjs.org/dom-helpers/-/dom-helpers-5.2.0.tgz",
      "integrity": "sha512-Ru5o9+V8CpunKnz5LGgWXkmrH/20cGKwcHwS4m73zIvs54CN9epEmT/HLqFJW3kXpakAFkEdzgy1hzlJe3E4OQ==",
      "requires": {
        "@babel/runtime": "^7.8.7",
        "csstype": "^3.0.2"
      }
    },
    "file-type": {
      "version": "12.4.2",
      "resolved": "https://registry.npmjs.org/file-type/-/file-type-12.4.2.tgz",
      "integrity": "sha512-UssQP5ZgIOKelfsaB5CuGAL+Y+q7EmONuiwF3N5HAH0t27rvrttgi6Ra9k/+DVaY9UF6+ybxu5pOXLUdA8N7Vg=="
    },
    "icojs": {
      "version": "0.14.0",
      "resolved": "https://registry.npmjs.org/icojs/-/icojs-0.14.0.tgz",
      "integrity": "sha512-ili+b2P492H9loo+jTy1YvIkWThf/0ZUsDKllgxpZtKU9uRO2i0eWPO76uMAhhnhbdLmUHGCQbki5wF9vGbvxQ==",
      "requires": {
        "bmp-js": "0.1.0",
        "decode-ico": "^0.3.1",
        "file-type": "^12.0.0",
        "jpeg-js": "^0.3.3",
        "pngjs": "^3.3.3",
        "to-data-view": "^1.0.0"
      }
    },
    "jpeg-js": {
      "version": "0.3.7",
      "resolved": "https://registry.npmjs.org/jpeg-js/-/jpeg-js-0.3.7.tgz",
      "integrity": "sha512-9IXdWudL61npZjvLuVe/ktHiA41iE8qFyLB+4VDTblEsWBzeg8WQTlktdUK4CdncUqtUgUg0bbOmTE2bKBKaBQ=="
    },
    "js-tokens": {
      "version": "4.0.0",
      "resolved": "https://registry.npmjs.org/js-tokens/-/js-tokens-4.0.0.tgz",
      "integrity": "sha512-RdJUflcE3cUzKiMqQgsCu06FPu9UdIJO0beYbPhHN4k6apgJtifcoCtT9bcxOpYBtpD2kCM6Sbzg4CausW/PKQ=="
    },
    "loose-envify": {
      "version": "1.4.0",
      "resolved": "https://registry.npmjs.org/loose-envify/-/loose-envify-1.4.0.tgz",
      "integrity": "sha512-lyuxPGr/Wfhrlem2CL/UcnUc1zcqKAImBDzukY7Y5F/yQiNdko6+fRLevlw1HgMySw7f611UIY408EtxRSoK3Q==",
      "requires": {
        "js-tokens": "^3.0.0 || ^4.0.0"
      }
    },
    "object-assign": {
      "version": "4.1.1",
      "resolved": "https://registry.npmjs.org/object-assign/-/object-assign-4.1.1.tgz",
      "integrity": "sha1-IQmtx5ZYh8/AXLvUQsrIv7s2CGM="
    },
    "pngjs": {
      "version": "3.4.0",
      "resolved": "https://registry.npmjs.org/pngjs/-/pngjs-3.4.0.tgz",
      "integrity": "sha512-NCrCHhWmnQklfH4MtJMRjZ2a8c80qXeMlQMv2uVp9ISJMTt562SbGd6n2oq0PaPgKm7Z6pL9E2UlLIhC+SHL3w=="
    },
    "prop-types": {
      "version": "15.7.2",
      "resolved": "https://registry.npmjs.org/prop-types/-/prop-types-15.7.2.tgz",
      "integrity": "sha512-8QQikdH7//R2vurIJSutZ1smHYTcLpRWEOlHnzcWHmBYrOGUysKwSsrC89BCiFj3CbrfJ/nXFdJepOVrY1GCHQ==",
      "requires": {
        "loose-envify": "^1.4.0",
        "object-assign": "^4.1.1",
        "react-is": "^16.8.1"
      }
    },
    "react-draggable": {
      "version": "4.4.3",
      "resolved": "https://registry.npmjs.org/react-draggable/-/react-draggable-4.4.3.tgz",
      "integrity": "sha512-jV4TE59MBuWm7gb6Ns3Q1mxX8Azffb7oTtDtBgFkxRvhDp38YAARmRplrj0+XGkhOJB5XziArX+4HUUABtyZ0w==",
      "requires": {
        "classnames": "^2.2.5",
        "prop-types": "^15.6.0"
      }
    },
    "react-is": {
      "version": "16.13.1",
      "resolved": "https://registry.npmjs.org/react-is/-/react-is-16.13.1.tgz",
      "integrity": "sha512-24e6ynE2H+OKt4kqsOvNd8kBpV65zoxbA4BVsEOB3ARVWQki/DHzaUoC5KuON/BiccDaCCTZBuOcfZs70kR8bQ=="
    },
    "react-lifecycles-compat": {
      "version": "3.0.4",
      "resolved": "https://registry.npmjs.org/react-lifecycles-compat/-/react-lifecycles-compat-3.0.4.tgz",
      "integrity": "sha512-fBASbA6LnOU9dOU2eW7aQ8xmYBSXUIWr+UmF9b1efZBazGNO+rcXT/icdKnYm2pTwcRylVUYwW7H1PHfLekVzA=="
    },
    "react-virtualized": {
      "version": "9.21.2",
      "resolved": "https://registry.npmjs.org/react-virtualized/-/react-virtualized-9.21.2.tgz",
      "integrity": "sha512-oX7I7KYiUM7lVXQzmhtF4Xg/4UA5duSA+/ZcAvdWlTLFCoFYq1SbauJT5gZK9cZS/wdYR6TPGpX/dqzvTqQeBA==",
      "requires": {
        "babel-runtime": "^6.26.0",
        "clsx": "^1.0.1",
        "dom-helpers": "^5.0.0",
        "loose-envify": "^1.3.0",
        "prop-types": "^15.6.0",
        "react-lifecycles-compat": "^3.0.4"
      }
    },
    "regenerator-runtime": {
      "version": "0.13.7",
      "resolved": "https://registry.npmjs.org/regenerator-runtime/-/regenerator-runtime-0.13.7.tgz",
      "integrity": "sha512-a54FxoJDIr27pgf7IgeQGxmqUNYrcV338lf/6gH456HZ/PhX+5BcwHXG9ajESmwe6WRO0tAzRUrRmNONWgkrew=="
    },
    "styled-system": {
      "version": "5.1.5",
      "resolved": "https://registry.npmjs.org/styled-system/-/styled-system-5.1.5.tgz",
      "integrity": "sha512-7VoD0o2R3RKzOzPK0jYrVnS8iJdfkKsQJNiLRDjikOpQVqQHns/DXWaPZOH4tIKkhAT7I6wIsy9FWTWh2X3q+A==",
      "requires": {
        "@styled-system/background": "^5.1.2",
        "@styled-system/border": "^5.1.5",
        "@styled-system/color": "^5.1.2",
        "@styled-system/core": "^5.1.2",
        "@styled-system/flexbox": "^5.1.2",
        "@styled-system/grid": "^5.1.2",
        "@styled-system/layout": "^5.1.2",
        "@styled-system/position": "^5.1.2",
        "@styled-system/shadow": "^5.1.2",
        "@styled-system/space": "^5.1.2",
        "@styled-system/typography": "^5.1.2",
        "@styled-system/variant": "^5.1.5",
        "object-assign": "^4.1.1"
      }
    },
    "to-data-view": {
      "version": "1.1.0",
      "resolved": "https://registry.npmjs.org/to-data-view/-/to-data-view-1.1.0.tgz",
      "integrity": "sha512-1eAdufMg6mwgmlojAx3QeMnzB/BTVp7Tbndi3U7ftcT2zCZadjxkkmLmd97zmaxWi+sgGcgWrokmpEoy0Dn0vQ=="
    }
  }
}
